
Microsoft Visual Studio Solution File, Format Version 12.00
# Visual Studio Version 17
VisualStudioVersion = 17.0.32014.148
MinimumVisualStudioVersion = 10.0.40219.1
Project("{FAE04EC0-301F-11D3-BF4B-00C04F79EFBC}") = "Day9_program-Arthamatic Operators using OOPS", "Day9_program-Arthamatic Operators using OOPS\Day9_program-Arthamatic Operators using OOPS.csproj", "{326F8070-D1E7-4F29-89F2-847392C0BC6E}"
EndProject
Global
	GlobalSection(SolutionConfigurationPlatforms) = preSolution
		Debug|Any CPU = Debug|Any CPU
		Release|Any CPU = Release|Any CPU
	EndGlobalSection
	GlobalSection(ProjectConfigurationPlatforms) = postSolution
		{326F8070-D1E7-4F29-89F2-847392C0BC6E}.Debug|Any CPU.ActiveCfg = Debug|Any CPU
		{326F8070-D1E7-4F29-89F2-847392C0BC6E}.Debug|Any CPU.Build.0 = Debug|Any CPU
		{326F8070-D1E7-4F29-89F2-847392C0BC6E}.Release|Any CPU.ActiveCfg = Release|Any CPU
		{326F8070-D1E7-4F29-89F2-847392C0BC6E}.Release|Any CPU.Build.0 = Release|Any CPU
	EndGlobalSection
	GlobalSection(SolutionProperties) = preSolution
		HideSolutionNode = FALSE
	EndGlobalSection
	GlobalSection(ExtensibilityGlobals) = postSolution
		SolutionGuid = {AE1E179D-985B-4F36-8D43-04DC8EB14A9E}
	EndGlobalSection
EndGlobal
