
Microsoft Visual Studio Solution File, Format Version 12.00
# Visual Studio Version 17
VisualStudioVersion = 17.0.32014.148
MinimumVisualStudioVersion = 10.0.40219.1
Project("{FAE04EC0-301F-11D3-BF4B-00C04F79EFBC}") = "Day4 program - Array program to print 5 numbers", "Day4 program - Array program to print 5 numbers\Day4 program - Array program to print 5 numbers.csproj", "{97086A94-7419-4B26-8B0D-8A850D294EDC}"
EndProject
Global
	GlobalSection(SolutionConfigurationPlatforms) = preSolution
		Debug|Any CPU = Debug|Any CPU
		Release|Any CPU = Release|Any CPU
	EndGlobalSection
	GlobalSection(ProjectConfigurationPlatforms) = postSolution
		{97086A94-7419-4B26-8B0D-8A850D294EDC}.Debug|Any CPU.ActiveCfg = Debug|Any CPU
		{97086A94-7419-4B26-8B0D-8A850D294EDC}.Debug|Any CPU.Build.0 = Debug|Any CPU
		{97086A94-7419-4B26-8B0D-8A850D294EDC}.Release|Any CPU.ActiveCfg = Release|Any CPU
		{97086A94-7419-4B26-8B0D-8A850D294EDC}.Release|Any CPU.Build.0 = Release|Any CPU
	EndGlobalSection
	GlobalSection(SolutionProperties) = preSolution
		HideSolutionNode = FALSE
	EndGlobalSection
	GlobalSection(ExtensibilityGlobals) = postSolution
		SolutionGuid = {EBBD77DB-4B9E-4F56-AA1E-018F70B7AAFA}
	EndGlobalSection
EndGlobal
