
Microsoft Visual Studio Solution File, Format Version 12.00
# Visual Studio Version 17
VisualStudioVersion = 17.0.32014.148
MinimumVisualStudioVersion = 10.0.40219.1
Project("{FAE04EC0-301F-11D3-BF4B-00C04F79EFBC}") = "Day1 Project 3", "Day1 Project 3\Day1 Project 3.csproj", "{B571E4E2-019B-4857-9A47-1BE7399E6EC4}"
EndProject
Global
	GlobalSection(SolutionConfigurationPlatforms) = preSolution
		Debug|Any CPU = Debug|Any CPU
		Release|Any CPU = Release|Any CPU
	EndGlobalSection
	GlobalSection(ProjectConfigurationPlatforms) = postSolution
		{B571E4E2-019B-4857-9A47-1BE7399E6EC4}.Debug|Any CPU.ActiveCfg = Debug|Any CPU
		{B571E4E2-019B-4857-9A47-1BE7399E6EC4}.Debug|Any CPU.Build.0 = Debug|Any CPU
		{B571E4E2-019B-4857-9A47-1BE7399E6EC4}.Release|Any CPU.ActiveCfg = Release|Any CPU
		{B571E4E2-019B-4857-9A47-1BE7399E6EC4}.Release|Any CPU.Build.0 = Release|Any CPU
	EndGlobalSection
	GlobalSection(SolutionProperties) = preSolution
		HideSolutionNode = FALSE
	EndGlobalSection
	GlobalSection(ExtensibilityGlobals) = postSolution
		SolutionGuid = {01C9C2D1-BE26-4E8F-8C2F-06ECFB1F12AA}
	EndGlobalSection
EndGlobal
