
Microsoft Visual Studio Solution File, Format Version 12.00
# Visual Studio Version 17
VisualStudioVersion = 17.0.32014.148
MinimumVisualStudioVersion = 10.0.40219.1
Project("{FAE04EC0-301F-11D3-BF4B-00C04F79EFBC}") = "Day9_program1_factorial, factors and prime check", "Day9_program1_factorial, factors and prime check\Day9_program1_factorial, factors and prime check.csproj", "{DAF83A36-7F72-4601-A4C4-58B5944C4C11}"
EndProject
Global
	GlobalSection(SolutionConfigurationPlatforms) = preSolution
		Debug|Any CPU = Debug|Any CPU
		Release|Any CPU = Release|Any CPU
	EndGlobalSection
	GlobalSection(ProjectConfigurationPlatforms) = postSolution
		{DAF83A36-7F72-4601-A4C4-58B5944C4C11}.Debug|Any CPU.ActiveCfg = Debug|Any CPU
		{DAF83A36-7F72-4601-A4C4-58B5944C4C11}.Debug|Any CPU.Build.0 = Debug|Any CPU
		{DAF83A36-7F72-4601-A4C4-58B5944C4C11}.Release|Any CPU.ActiveCfg = Release|Any CPU
		{DAF83A36-7F72-4601-A4C4-58B5944C4C11}.Release|Any CPU.Build.0 = Release|Any CPU
	EndGlobalSection
	GlobalSection(SolutionProperties) = preSolution
		HideSolutionNode = FALSE
	EndGlobalSection
	GlobalSection(ExtensibilityGlobals) = postSolution
		SolutionGuid = {673B0A67-698F-4785-B0C9-10C0E85083AF}
	EndGlobalSection
EndGlobal
